
Microsoft Visual Studio Solution File, Format Version 12.00
# Visual Studio Version 17
VisualStudioVersion = 17.0.31903.59
MinimumVisualStudioVersion = 10.0.40219.1
Project("{FAE04EC0-301F-11D3-BF4B-00C04F79EFBC}") = "BatteryManager.API", "BatteryManager.API\BatteryManager.API.csproj", "{7C01E310-AB87-4157-8638-3BAD3804BB67}"
EndProject
Project("{FAE04EC0-301F-11D3-BF4B-00C04F79EFBC}") = "BatteryManager.Domain", "BatteryManager.Domain\BatteryManager.Domain.csproj", "{D4A105EF-DCA6-4C2C-B7CF-49ACF31E5DA6}"
EndProject
Project("{FAE04EC0-301F-11D3-BF4B-00C04F79EFBC}") = "BatteryManager.Application", "BatteryManager.Application\BatteryManager.Application.csproj", "{91376416-C059-4C83-8F30-A1F9156D39F0}"
EndProject
Project("{FAE04EC0-301F-11D3-BF4B-00C04F79EFBC}") = "BatteryManager.Infrastructure", "BatteryManager.Infrastructure\BatteryManager.Infrastructure.csproj", "{DCF7E554-5ECD-4FDD-800B-F306EA5663AB}"
EndProject
Global
	GlobalSection(SolutionConfigurationPlatforms) = preSolution
		Debug|Any CPU = Debug|Any CPU
		Debug|x64 = Debug|x64
		Debug|x86 = Debug|x86
		Release|Any CPU = Release|Any CPU
		Release|x64 = Release|x64
		Release|x86 = Release|x86
	EndGlobalSection
	GlobalSection(ProjectConfigurationPlatforms) = postSolution
		{7C01E310-AB87-4157-8638-3BAD3804BB67}.Debug|Any CPU.ActiveCfg = Debug|Any CPU
		{7C01E310-AB87-4157-8638-3BAD3804BB67}.Debug|Any CPU.Build.0 = Debug|Any CPU
		{7C01E310-AB87-4157-8638-3BAD3804BB67}.Debug|x64.ActiveCfg = Debug|Any CPU
		{7C01E310-AB87-4157-8638-3BAD3804BB67}.Debug|x64.Build.0 = Debug|Any CPU
		{7C01E310-AB87-4157-8638-3BAD3804BB67}.Debug|x86.ActiveCfg = Debug|Any CPU
		{7C01E310-AB87-4157-8638-3BAD3804BB67}.Debug|x86.Build.0 = Debug|Any CPU
		{7C01E310-AB87-4157-8638-3BAD3804BB67}.Release|Any CPU.ActiveCfg = Release|Any CPU
		{7C01E310-AB87-4157-8638-3BAD3804BB67}.Release|Any CPU.Build.0 = Release|Any CPU
		{7C01E310-AB87-4157-8638-3BAD3804BB67}.Release|x64.ActiveCfg = Release|Any CPU
		{7C01E310-AB87-4157-8638-3BAD3804BB67}.Release|x64.Build.0 = Release|Any CPU
		{7C01E310-AB87-4157-8638-3BAD3804BB67}.Release|x86.ActiveCfg = Release|Any CPU
		{7C01E310-AB87-4157-8638-3BAD3804BB67}.Release|x86.Build.0 = Release|Any CPU
		{D4A105EF-DCA6-4C2C-B7CF-49ACF31E5DA6}.Debug|Any CPU.ActiveCfg = Debug|Any CPU
		{D4A105EF-DCA6-4C2C-B7CF-49ACF31E5DA6}.Debug|Any CPU.Build.0 = Debug|Any CPU
		{D4A105EF-DCA6-4C2C-B7CF-49ACF31E5DA6}.Debug|x64.ActiveCfg = Debug|Any CPU
		{D4A105EF-DCA6-4C2C-B7CF-49ACF31E5DA6}.Debug|x64.Build.0 = Debug|Any CPU
		{D4A105EF-DCA6-4C2C-B7CF-49ACF31E5DA6}.Debug|x86.ActiveCfg = Debug|Any CPU
		{D4A105EF-DCA6-4C2C-B7CF-49ACF31E5DA6}.Debug|x86.Build.0 = Debug|Any CPU
		{D4A105EF-DCA6-4C2C-B7CF-49ACF31E5DA6}.Release|Any CPU.ActiveCfg = Release|Any CPU
		{D4A105EF-DCA6-4C2C-B7CF-49ACF31E5DA6}.Release|Any CPU.Build.0 = Release|Any CPU
		{D4A105EF-DCA6-4C2C-B7CF-49ACF31E5DA6}.Release|x64.ActiveCfg = Release|Any CPU
		{D4A105EF-DCA6-4C2C-B7CF-49ACF31E5DA6}.Release|x64.Build.0 = Release|Any CPU
		{D4A105EF-DCA6-4C2C-B7CF-49ACF31E5DA6}.Release|x86.ActiveCfg = Release|Any CPU
		{D4A105EF-DCA6-4C2C-B7CF-49ACF31E5DA6}.Release|x86.Build.0 = Release|Any CPU
		{91376416-C059-4C83-8F30-A1F9156D39F0}.Debug|Any CPU.ActiveCfg = Debug|Any CPU
		{91376416-C059-4C83-8F30-A1F9156D39F0}.Debug|Any CPU.Build.0 = Debug|Any CPU
		{91376416-C059-4C83-8F30-A1F9156D39F0}.Debug|x64.ActiveCfg = Debug|Any CPU
		{91376416-C059-4C83-8F30-A1F9156D39F0}.Debug|x64.Build.0 = Debug|Any CPU
		{91376416-C059-4C83-8F30-A1F9156D39F0}.Debug|x86.ActiveCfg = Debug|Any CPU
		{91376416-C059-4C83-8F30-A1F9156D39F0}.Debug|x86.Build.0 = Debug|Any CPU
		{91376416-C059-4C83-8F30-A1F9156D39F0}.Release|Any CPU.ActiveCfg = Release|Any CPU
		{91376416-C059-4C83-8F30-A1F9156D39F0}.Release|Any CPU.Build.0 = Release|Any CPU
		{91376416-C059-4C83-8F30-A1F9156D39F0}.Release|x64.ActiveCfg = Release|Any CPU
		{91376416-C059-4C83-8F30-A1F9156D39F0}.Release|x64.Build.0 = Release|Any CPU
		{91376416-C059-4C83-8F30-A1F9156D39F0}.Release|x86.ActiveCfg = Release|Any CPU
		{91376416-C059-4C83-8F30-A1F9156D39F0}.Release|x86.Build.0 = Release|Any CPU
		{DCF7E554-5ECD-4FDD-800B-F306EA5663AB}.Debug|Any CPU.ActiveCfg = Debug|Any CPU
		{DCF7E554-5ECD-4FDD-800B-F306EA5663AB}.Debug|Any CPU.Build.0 = Debug|Any CPU
		{DCF7E554-5ECD-4FDD-800B-F306EA5663AB}.Debug|x64.ActiveCfg = Debug|Any CPU
		{DCF7E554-5ECD-4FDD-800B-F306EA5663AB}.Debug|x64.Build.0 = Debug|Any CPU
		{DCF7E554-5ECD-4FDD-800B-F306EA5663AB}.Debug|x86.ActiveCfg = Debug|Any CPU
		{DCF7E554-5ECD-4FDD-800B-F306EA5663AB}.Debug|x86.Build.0 = Debug|Any CPU
		{DCF7E554-5ECD-4FDD-800B-F306EA5663AB}.Release|Any CPU.ActiveCfg = Release|Any CPU
		{DCF7E554-5ECD-4FDD-800B-F306EA5663AB}.Release|Any CPU.Build.0 = Release|Any CPU
		{DCF7E554-5ECD-4FDD-800B-F306EA5663AB}.Release|x64.ActiveCfg = Release|Any CPU
		{DCF7E554-5ECD-4FDD-800B-F306EA5663AB}.Release|x64.Build.0 = Release|Any CPU
		{DCF7E554-5ECD-4FDD-800B-F306EA5663AB}.Release|x86.ActiveCfg = Release|Any CPU
		{DCF7E554-5ECD-4FDD-800B-F306EA5663AB}.Release|x86.Build.0 = Release|Any CPU
	EndGlobalSection
	GlobalSection(SolutionProperties) = preSolution
		HideSolutionNode = FALSE
	EndGlobalSection
EndGlobal
